// !$*UTF8*$!
{
	archiveVersion = 1;
	classes = {
	};
	objectVersion = 55;
	objects = {

/* Begin PBXBuildFile section */
		327A42C62D7AE00400C1638F /* AppDelegate.swift in Sources */ = {isa = PBXBuildFile; fileRef = 327A42C52D7AE00400C1638F /* AppDelegate.swift */; };
		327A42C82D7AE00400C1638F /* SceneDelegate.swift in Sources */ = {isa = PBXBuildFile; fileRef = 327A42C72D7AE00400C1638F /* SceneDelegate.swift */; };
		327A42CA2D7AE00400C1638F /* ViewController.swift in Sources */ = {isa = PBXBuildFile; fileRef = 327A42C92D7AE00400C1638F /* ViewController.swift */; };
		327A42CD2D7AE00400C1638F /* Main.storyboard in Resources */ = {isa = PBXBuildFile; fileRef = 327A42CB2D7AE00400C1638F /* Main.storyboard */; };
		327A42CF2D7AE00800C1638F /* Assets.xcassets in Resources */ = {isa = PBXBuildFile; fileRef = 327A42CE2D7AE00800C1638F /* Assets.xcassets */; };
		327A42D22D7AE00800C1638F /* LaunchScreen.storyboard in Resources */ = {isa = PBXBuildFile; fileRef = 327A42D02D7AE00800C1638F /* LaunchScreen.storyboard */; };
		327A42DB2D7AE10C00C1638F /* KeychainWrapper.swift in Sources */ = {isa = PBXBuildFile; fileRef = 327A42D92D7AE10B00C1638F /* KeychainWrapper.swift */; };
		327A42DC2D7AE10C00C1638F /* KeychainItemAccessibility.swift in Sources */ = {isa = PBXBuildFile; fileRef = 327A42DA2D7AE10C00C1638F /* KeychainItemAccessibility.swift */; };
/* End PBXBuildFile section */

/* Begin PBXFileReference section */
		327A42C22D7AE00400C1638F /* Project 28 Keychain and FaceID.app */ = {isa = PBXFileReference; explicitFileType = wrapper.application; includeInIndex = 0; path = "Project 28 Keychain and FaceID.app"; sourceTree = BUILT_PRODUCTS_DIR; };
		327A42C52D7AE00400C1638F /* AppDelegate.swift */ = {isa = PBXFileReference; lastKnownFileType = sourcecode.swift; path = AppDelegate.swift; sourceTree = "<group>"; };
		327A42C72D7AE00400C1638F /* SceneDelegate.swift */ = {isa = PBXFileReference; lastKnownFileType = sourcecode.swift; path = SceneDelegate.swift; sourceTree = "<group>"; };
		327A42C92D7AE00400C1638F /* ViewController.swift */ = {isa = PBXFileReference; lastKnownFileType = sourcecode.swift; path = ViewController.swift; sourceTree = "<group>"; };
		327A42CC2D7AE00400C1638F /* Base */ = {isa = PBXFileReference; lastKnownFileType = file.storyboard; name = Base; path = Base.lproj/Main.storyboard; sourceTree = "<group>"; };
		327A42CE2D7AE00800C1638F /* Assets.xcassets */ = {isa = PBXFileReference; lastKnownFileType = folder.assetcatalog; path = Assets.xcassets; sourceTree = "<group>"; };
		327A42D12D7AE00800C1638F /* Base */ = {isa = PBXFileReference; lastKnownFileType = file.storyboard; name = Base; path = Base.lproj/LaunchScreen.storyboard; sourceTree = "<group>"; };
		327A42D32D7AE00800C1638F /* Info.plist */ = {isa = PBXFileReference; lastKnownFileType = text.plist.xml; path = Info.plist; sourceTree = "<group>"; };
		327A42D92D7AE10B00C1638F /* KeychainWrapper.swift */ = {isa = PBXFileReference; fileEncoding = 4; lastKnownFileType = sourcecode.swift; path = KeychainWrapper.swift; sourceTree = "<group>"; };
		327A42DA2D7AE10C00C1638F /* KeychainItemAccessibility.swift */ = {isa = PBXFileReference; fileEncoding = 4; lastKnownFileType = sourcecode.swift; path = KeychainItemAccessibility.swift; sourceTree = "<group>"; };
/* End PBXFileReference section */

/* Begin PBXFrameworksBuildPhase section */
		327A42BF2D7AE00300C1638F /* Frameworks */ = {
			isa = PBXFrameworksBuildPhase;
			buildActionMask = 2147483647;
			files = (
			);
			runOnlyForDeploymentPostprocessing = 0;
		};
/* End PBXFrameworksBuildPhase section */

/* Begin PBXGroup section */
		327A42B92D7AE00300C1638F = {
			isa = PBXGroup;
			children = (
				327A42C42D7AE00400C1638F /* Project 28 Keychain and FaceID */,
				327A42C32D7AE00400C1638F /* Products */,
			);
			sourceTree = "<group>";
		};
		327A42C32D7AE00400C1638F /* Products */ = {
			isa = PBXGroup;
			children = (
				327A42C22D7AE00400C1638F /* Project 28 Keychain and FaceID.app */,
			);
			name = Products;
			sourceTree = "<group>";
		};
		327A42C42D7AE00400C1638F /* Project 28 Keychain and FaceID */ = {
			isa = PBXGroup;
			children = (
				327A42C52D7AE00400C1638F /* AppDelegate.swift */,
				327A42C72D7AE00400C1638F /* SceneDelegate.swift */,
				327A42C92D7AE00400C1638F /* ViewController.swift */,
				327A42CB2D7AE00400C1638F /* Main.storyboard */,
				327A42CE2D7AE00800C1638F /* Assets.xcassets */,
				327A42D02D7AE00800C1638F /* LaunchScreen.storyboard */,
				327A42D32D7AE00800C1638F /* Info.plist */,
				327A42DA2D7AE10C00C1638F /* KeychainItemAccessibility.swift */,
				327A42D92D7AE10B00C1638F /* KeychainWrapper.swift */,
			);
			path = "Project 28 Keychain and FaceID";
			sourceTree = "<group>";
		};
/* End PBXGroup section */

/* Begin PBXNativeTarget section */
		327A42C12D7AE00300C1638F /* Project 28 Keychain and FaceID */ = {
			isa = PBXNativeTarget;
			buildConfigurationList = 327A42D62D7AE00800C1638F /* Build configuration list for PBXNativeTarget "Project 28 Keychain and FaceID" */;
			buildPhases = (
				327A42BE2D7AE00300C1638F /* Sources */,
				327A42BF2D7AE00300C1638F /* Frameworks */,
				327A42C02D7AE00300C1638F /* Resources */,
			);
			buildRules = (
			);
			dependencies = (
			);
			name = "Project 28 Keychain and FaceID";
			productName = "Project 28 Keychain and FaceID";
			productReference = 327A42C22D7AE00400C1638F /* Project 28 Keychain and FaceID.app */;
			productType = "com.apple.product-type.application";
		};
/* End PBXNativeTarget section */

/* Begin PBXProject section */
		327A42BA2D7AE00300C1638F /* Project object */ = {
			isa = PBXProject;
			attributes = {
				BuildIndependentTargetsInParallel = 1;
				LastSwiftUpdateCheck = 1320;
				LastUpgradeCheck = 1320;
				TargetAttributes = {
					327A42C12D7AE00300C1638F = {
						CreatedOnToolsVersion = 13.2.1;
					};
				};
			};
			buildConfigurationList = 327A42BD2D7AE00300C1638F /* Build configuration list for PBXProject "Project 28 Keychain and FaceID" */;
			compatibilityVersion = "Xcode 13.0";
			developmentRegion = en;
			hasScannedForEncodings = 0;
			knownRegions = (
				en,
				Base,
			);
			mainGroup = 327A42B92D7AE00300C1638F;
			productRefGroup = 327A42C32D7AE00400C1638F /* Products */;
			projectDirPath = "";
			projectRoot = "";
			targets = (
				327A42C12D7AE00300C1638F /* Project 28 Keychain and FaceID */,
			);
		};
/* End PBXProject section */

/* Begin PBXResourcesBuildPhase section */
		327A42C02D7AE00300C1638F /* Resources */ = {
			isa = PBXResourcesBuildPhase;
			buildActionMask = 2147483647;
			files = (
				327A42D22D7AE00800C1638F /* LaunchScreen.storyboard in Resources */,
				327A42CF2D7AE00800C1638F /* Assets.xcassets in Resources */,
				327A42CD2D7AE00400C1638F /* Main.storyboard in Resources */,
			);
			runOnlyForDeploymentPostprocessing = 0;
		};
/* End PBXResourcesBuildPhase section */

/* Begin PBXSourcesBuildPhase section */
		327A42BE2D7AE00300C1638F /* Sources */ = {
			isa = PBXSourcesBuildPhase;
			buildActionMask = 2147483647;
			files = (
				327A42CA2D7AE00400C1638F /* ViewController.swift in Sources */,
				327A42DB2D7AE10C00C1638F /* KeychainWrapper.swift in Sources */,
				327A42C62D7AE00400C1638F /* AppDelegate.swift in Sources */,
				327A42DC2D7AE10C00C1638F /* KeychainItemAccessibility.swift in Sources */,
				327A42C82D7AE00400C1638F /* SceneDelegate.swift in Sources */,
			);
			runOnlyForDeploymentPostprocessing = 0;
		};
/* End PBXSourcesBuildPhase section */

/* Begin PBXVariantGroup section */
		327A42CB2D7AE00400C1638F /* Main.storyboard */ = {
			isa = PBXVariantGroup;
			children = (
				327A42CC2D7AE00400C1638F /* Base */,
			);
			name = Main.storyboard;
			sourceTree = "<group>";
		};
		327A42D02D7AE00800C1638F /* LaunchScreen.storyboard */ = {
			isa = PBXVariantGroup;
			children = (
				327A42D12D7AE00800C1638F /* Base */,
			);
			name = LaunchScreen.storyboard;
			sourceTree = "<group>";
		};
/* End PBXVariantGroup section */

/* Begin XCBuildConfiguration section */
		327A42D42D7AE00800C1638F /* Debug */ = {
			isa = XCBuildConfiguration;
			buildSettings = {
				ALWAYS_SEARCH_USER_PATHS = NO;
				CLANG_ANALYZER_NONNULL = YES;
				CLANG_ANALYZER_NUMBER_OBJECT_CONVERSION = YES_AGGRESSIVE;
				CLANG_CXX_LANGUAGE_STANDARD = "gnu++17";
				CLANG_CXX_LIBRARY = "libc++";
				CLANG_ENABLE_MODULES = YES;
				CLANG_ENABLE_OBJC_ARC = YES;
				CLANG_ENABLE_OBJC_WEAK = YES;
				CLANG_WARN_BLOCK_CAPTURE_AUTORELEASING = YES;
				CLANG_WARN_BOOL_CONVERSION = YES;
				CLANG_WARN_COMMA = YES;
				CLANG_WARN_CONSTANT_CONVERSION = YES;
				CLANG_WARN_DEPRECATED_OBJC_IMPLEMENTATIONS = YES;
				CLANG_WARN_DIRECT_OBJC_ISA_USAGE = YES_ERROR;
				CLANG_WARN_DOCUMENTATION_COMMENTS = YES;
				CLANG_WARN_EMPTY_BODY = YES;
				CLANG_WARN_ENUM_CONVERSION = YES;
				CLANG_WARN_INFINITE_RECURSION = YES;
				CLANG_WARN_INT_CONVERSION = YES;
				CLANG_WARN_NON_LITERAL_NULL_CONVERSION = YES;
				CLANG_WARN_OBJC_IMPLICIT_RETAIN_SELF = YES;
				CLANG_WARN_OBJC_LITERAL_CONVERSION = YES;
				CLANG_WARN_OBJC_ROOT_CLASS = YES_ERROR;
				CLANG_WARN_QUOTED_INCLUDE_IN_FRAMEWORK_HEADER = YES;
				CLANG_WARN_RANGE_LOOP_ANALYSIS = YES;
				CLANG_WARN_STRICT_PROTOTYPES = YES;
				CLANG_WARN_SUSPICIOUS_MOVE = YES;
				CLANG_WARN_UNGUARDED_AVAILABILITY = YES_AGGRESSIVE;
				CLANG_WARN_UNREACHABLE_CODE = YES;
				CLANG_WARN__DUPLICATE_METHOD_MATCH = YES;
				COPY_PHASE_STRIP = NO;
				DEBUG_INFORMATION_FORMAT = dwarf;
				ENABLE_STRICT_OBJC_MSGSEND = YES;
				ENABLE_TESTABILITY = YES;
				GCC_C_LANGUAGE_STANDARD = gnu11;
				GCC_DYNAMIC_NO_PIC = NO;
				GCC_NO_COMMON_BLOCKS = YES;
				GCC_OPTIMIZATION_LEVEL = 0;
				GCC_PREPROCESSOR_DEFINITIONS = (
					"DEBUG=1",
					"$(inherited)",
				);
				GCC_WARN_64_TO_32_BIT_CONVERSION = YES;
				GCC_WARN_ABOUT_RETURN_TYPE = YES_ERROR;
				GCC_WARN_UNDECLARED_SELECTOR = YES;
				GCC_WARN_UNINITIALIZED_AUTOS = YES_AGGRESSIVE;
				GCC_WARN_UNUSED_FUNCTION = YES;
				GCC_WARN_UNUSED_VARIABLE = YES;
				IPHONEOS_DEPLOYMENT_TARGET = 15.2;
				MTL_ENABLE_DEBUG_INFO = INCLUDE_SOURCE;
				MTL_FAST_MATH = YES;
				ONLY_ACTIVE_ARCH = YES;
				SDKROOT = iphoneos;
				SWIFT_ACTIVE_COMPILATION_CONDITIONS = DEBUG;
				SWIFT_OPTIMIZATION_LEVEL = "-Onone";
			};
			name = Debug;
		};
		327A42D52D7AE00800C1638F /* Release */ = {
			isa = XCBuildConfiguration;
			buildSettings = {
				ALWAYS_SEARCH_USER_PATHS = NO;
				CLANG_ANALYZER_NONNULL = YES;
				CLANG_ANALYZER_NUMBER_OBJECT_CONVERSION = YES_AGGRESSIVE;
				CLANG_CXX_LANGUAGE_STANDARD = "gnu++17";
				CLANG_CXX_LIBRARY = "libc++";
				CLANG_ENABLE_MODULES = YES;
				CLANG_ENABLE_OBJC_ARC = YES;
				CLANG_ENABLE_OBJC_WEAK = YES;
				CLANG_WARN_BLOCK_CAPTURE_AUTORELEASING = YES;
				CLANG_WARN_BOOL_CONVERSION = YES;
				CLANG_WARN_COMMA = YES;
				CLANG_WARN_CONSTANT_CONVERSION = YES;
				CLANG_WARN_DEPRECATED_OBJC_IMPLEMENTATIONS = YES;
				CLANG_WARN_DIRECT_OBJC_ISA_USAGE = YES_ERROR;
				CLANG_WARN_DOCUMENTATION_COMMENTS = YES;
				CLANG_WARN_EMPTY_BODY = YES;
				CLANG_WARN_ENUM_CONVERSION = YES;
				CLANG_WARN_INFINITE_RECURSION = YES;
				CLANG_WARN_INT_CONVERSION = YES;
				CLANG_WARN_NON_LITERAL_NULL_CONVERSION = YES;
				CLANG_WARN_OBJC_IMPLICIT_RETAIN_SELF = YES;
				CLANG_WARN_OBJC_LITERAL_CONVERSION = YES;
				CLANG_WARN_OBJC_ROOT_CLASS = YES_ERROR;
				CLANG_WARN_QUOTED_INCLUDE_IN_FRAMEWORK_HEADER = YES;
				CLANG_WARN_RANGE_LOOP_ANALYSIS = YES;
				CLANG_WARN_STRICT_PROTOTYPES = YES;
				CLANG_WARN_SUSPICIOUS_MOVE = YES;
				CLANG_WARN_UNGUARDED_AVAILABILITY = YES_AGGRESSIVE;
				CLANG_WARN_UNREACHABLE_CODE = YES;
				CLANG_WARN__DUPLICATE_METHOD_MATCH = YES;
				COPY_PHASE_STRIP = NO;
				DEBUG_INFORMATION_FORMAT = "dwarf-with-dsym";
				ENABLE_NS_ASSERTIONS = NO;
				ENABLE_STRICT_OBJC_MSGSEND = YES;
				GCC_C_LANGUAGE_STANDARD = gnu11;
				GCC_NO_COMMON_BLOCKS = YES;
				GCC_WARN_64_TO_32_BIT_CONVERSION = YES;
				GCC_WARN_ABOUT_RETURN_TYPE = YES_ERROR;
				GCC_WARN_UNDECLARED_SELECTOR = YES;
				GCC_WARN_UNINITIALIZED_AUTOS = YES_AGGRESSIVE;
				GCC_WARN_UNUSED_FUNCTION = YES;
				GCC_WARN_UNUSED_VARIABLE = YES;
				IPHONEOS_DEPLOYMENT_TARGET = 15.2;
				MTL_ENABLE_DEBUG_INFO = NO;
				MTL_FAST_MATH = YES;
				SDKROOT = iphoneos;
				SWIFT_COMPILATION_MODE = wholemodule;
				SWIFT_OPTIMIZATION_LEVEL = "-O";
				VALIDATE_PRODUCT = YES;
			};
			name = Release;
		};
		327A42D72D7AE00800C1638F /* Debug */ = {
			isa = XCBuildConfiguration;
			buildSettings = {
				ASSETCATALOG_COMPILER_APPICON_NAME = AppIcon;
				ASSETCATALOG_COMPILER_GLOBAL_ACCENT_COLOR_NAME = AccentColor;
				CODE_SIGN_STYLE = Automatic;
				CURRENT_PROJECT_VERSION = 1;
				DEVELOPMENT_TEAM = GD2783JNF4;
				GENERATE_INFOPLIST_FILE = YES;
				INFOPLIST_FILE = "Project 28 Keychain and FaceID/Info.plist";
				INFOPLIST_KEY_UIApplicationSupportsIndirectInputEvents = YES;
				INFOPLIST_KEY_UILaunchStoryboardName = LaunchScreen;
				INFOPLIST_KEY_UIMainStoryboardFile = Main;
				INFOPLIST_KEY_UISupportedInterfaceOrientations_iPad = "UIInterfaceOrientationPortrait UIInterfaceOrientationPortraitUpsideDown UIInterfaceOrientationLandscapeLeft UIInterfaceOrientationLandscapeRight";
				INFOPLIST_KEY_UISupportedInterfaceOrientations_iPhone = "UIInterfaceOrientationPortrait UIInterfaceOrientationLandscapeLeft UIInterfaceOrientationLandscapeRight";
				LD_RUNPATH_SEARCH_PATHS = (
					"$(inherited)",
					"@executable_path/Frameworks",
				);
				MARKETING_VERSION = 1.0;
				PRODUCT_BUNDLE_IDENTIFIER = "com.studyfans.Project-28-Keychain-and-FaceID";
				PRODUCT_NAME = "$(TARGET_NAME)";
				SWIFT_EMIT_LOC_STRINGS = YES;
				SWIFT_VERSION = 5.0;
				TARGETED_DEVICE_FAMILY = "1,2";
			};
			name = Debug;
		};
		327A42D82D7AE00800C1638F /* Release */ = {
			isa = XCBuildConfiguration;
			buildSettings = {
				ASSETCATALOG_COMPILER_APPICON_NAME = AppIcon;
				ASSETCATALOG_COMPILER_GLOBAL_ACCENT_COLOR_NAME = AccentColor;
				CODE_SIGN_STYLE = Automatic;
				CURRENT_PROJECT_VERSION = 1;
				DEVELOPMENT_TEAM = GD2783JNF4;
				GENERATE_INFOPLIST_FILE = YES;
				INFOPLIST_FILE = "Project 28 Keychain and FaceID/Info.plist";
				INFOPLIST_KEY_UIApplicationSupportsIndirectInputEvents = YES;
				INFOPLIST_KEY_UILaunchStoryboardName = LaunchScreen;
				INFOPLIST_KEY_UIMainStoryboardFile = Main;
				INFOPLIST_KEY_UISupportedInterfaceOrientations_iPad = "UIInterfaceOrientationPortrait UIInterfaceOrientationPortraitUpsideDown UIInterfaceOrientationLandscapeLeft UIInterfaceOrientationLandscapeRight";
				INFOPLIST_KEY_UISupportedInterfaceOrientations_iPhone = "UIInterfaceOrientationPortrait UIInterfaceOrientationLandscapeLeft UIInterfaceOrientationLandscapeRight";
				LD_RUNPATH_SEARCH_PATHS = (
					"$(inherited)",
					"@executable_path/Frameworks",
				);
				MARKETING_VERSION = 1.0;
				PRODUCT_BUNDLE_IDENTIFIER = "com.studyfans.Project-28-Keychain-and-FaceID";
				PRODUCT_NAME = "$(TARGET_NAME)";
				SWIFT_EMIT_LOC_STRINGS = YES;
				SWIFT_VERSION = 5.0;
				TARGETED_DEVICE_FAMILY = "1,2";
			};
			name = Release;
		};
/* End XCBuildConfiguration section */

/* Begin XCConfigurationList section */
		327A42BD2D7AE00300C1638F /* Build configuration list for PBXProject "Project 28 Keychain and FaceID" */ = {
			isa = XCConfigurationList;
			buildConfigurations = (
				327A42D42D7AE00800C1638F /* Debug */,
				327A42D52D7AE00800C1638F /* Release */,
			);
			defaultConfigurationIsVisible = 0;
			defaultConfigurationName = Release;
		};
		327A42D62D7AE00800C1638F /* Build configuration list for PBXNativeTarget "Project 28 Keychain and FaceID" */ = {
			isa = XCConfigurationList;
			buildConfigurations = (
				327A42D72D7AE00800C1638F /* Debug */,
				327A42D82D7AE00800C1638F /* Release */,
			);
			defaultConfigurationIsVisible = 0;
			defaultConfigurationName = Release;
		};
/* End XCConfigurationList section */
	};
	rootObject = 327A42BA2D7AE00300C1638F /* Project object */;
}
