// !$*UTF8*$!
{
	archiveVersion = 1;
	classes = {
	};
	objectVersion = 55;
	objects = {

/* Begin PBXBuildFile section */
		3290A30D2CB8EF3700FE2831 /* AppDelegate.swift in Sources */ = {isa = PBXBuildFile; fileRef = 3290A30C2CB8EF3700FE2831 /* AppDelegate.swift */; };
		3290A30F2CB8EF3700FE2831 /* SceneDelegate.swift in Sources */ = {isa = PBXBuildFile; fileRef = 3290A30E2CB8EF3700FE2831 /* SceneDelegate.swift */; };
		3290A3112CB8EF3700FE2831 /* ViewController.swift in Sources */ = {isa = PBXBuildFile; fileRef = 3290A3102CB8EF3700FE2831 /* ViewController.swift */; };
		3290A3142CB8EF3700FE2831 /* Main.storyboard in Resources */ = {isa = PBXBuildFile; fileRef = 3290A3122CB8EF3700FE2831 /* Main.storyboard */; };
		3290A3162CB8EF3C00FE2831 /* Assets.xcassets in Resources */ = {isa = PBXBuildFile; fileRef = 3290A3152CB8EF3C00FE2831 /* Assets.xcassets */; };
		3290A3192CB8EF3C00FE2831 /* LaunchScreen.storyboard in Resources */ = {isa = PBXBuildFile; fileRef = 3290A3172CB8EF3C00FE2831 /* LaunchScreen.storyboard */; };
		3290A3212CB8EFD800FE2831 /* quiz.txt in Resources */ = {isa = PBXBuildFile; fileRef = 3290A3202CB8EFD800FE2831 /* quiz.txt */; };
/* End PBXBuildFile section */

/* Begin PBXFileReference section */
		3290A3092CB8EF3700FE2831 /* Hangman Game.app */ = {isa = PBXFileReference; explicitFileType = wrapper.application; includeInIndex = 0; path = "Hangman Game.app"; sourceTree = BUILT_PRODUCTS_DIR; };
		3290A30C2CB8EF3700FE2831 /* AppDelegate.swift */ = {isa = PBXFileReference; lastKnownFileType = sourcecode.swift; path = AppDelegate.swift; sourceTree = "<group>"; };
		3290A30E2CB8EF3700FE2831 /* SceneDelegate.swift */ = {isa = PBXFileReference; lastKnownFileType = sourcecode.swift; path = SceneDelegate.swift; sourceTree = "<group>"; };
		3290A3102CB8EF3700FE2831 /* ViewController.swift */ = {isa = PBXFileReference; lastKnownFileType = sourcecode.swift; path = ViewController.swift; sourceTree = "<group>"; };
		3290A3132CB8EF3700FE2831 /* Base */ = {isa = PBXFileReference; lastKnownFileType = file.storyboard; name = Base; path = Base.lproj/Main.storyboard; sourceTree = "<group>"; };
		3290A3152CB8EF3C00FE2831 /* Assets.xcassets */ = {isa = PBXFileReference; lastKnownFileType = folder.assetcatalog; path = Assets.xcassets; sourceTree = "<group>"; };
		3290A3182CB8EF3C00FE2831 /* Base */ = {isa = PBXFileReference; lastKnownFileType = file.storyboard; name = Base; path = Base.lproj/LaunchScreen.storyboard; sourceTree = "<group>"; };
		3290A31A2CB8EF3C00FE2831 /* Info.plist */ = {isa = PBXFileReference; lastKnownFileType = text.plist.xml; path = Info.plist; sourceTree = "<group>"; };
		3290A3202CB8EFD800FE2831 /* quiz.txt */ = {isa = PBXFileReference; fileEncoding = 4; lastKnownFileType = text; path = quiz.txt; sourceTree = "<group>"; };
		3290A3222CB90F6100FE2831 /* start copy.txt */ = {isa = PBXFileReference; lastKnownFileType = text; path = "start copy.txt"; sourceTree = "<group>"; };
/* End PBXFileReference section */

/* Begin PBXFrameworksBuildPhase section */
		3290A3062CB8EF3700FE2831 /* Frameworks */ = {
			isa = PBXFrameworksBuildPhase;
			buildActionMask = 2147483647;
			files = (
			);
			runOnlyForDeploymentPostprocessing = 0;
		};
/* End PBXFrameworksBuildPhase section */

/* Begin PBXGroup section */
		3290A3002CB8EF3700FE2831 = {
			isa = PBXGroup;
			children = (
				3290A30B2CB8EF3700FE2831 /* Hangman Game */,
				3290A30A2CB8EF3700FE2831 /* Products */,
			);
			sourceTree = "<group>";
		};
		3290A30A2CB8EF3700FE2831 /* Products */ = {
			isa = PBXGroup;
			children = (
				3290A3092CB8EF3700FE2831 /* Hangman Game.app */,
			);
			name = Products;
			sourceTree = "<group>";
		};
		3290A30B2CB8EF3700FE2831 /* Hangman Game */ = {
			isa = PBXGroup;
			children = (
				3290A30C2CB8EF3700FE2831 /* AppDelegate.swift */,
				3290A30E2CB8EF3700FE2831 /* SceneDelegate.swift */,
				3290A3102CB8EF3700FE2831 /* ViewController.swift */,
				3290A3122CB8EF3700FE2831 /* Main.storyboard */,
				3290A3202CB8EFD800FE2831 /* quiz.txt */,
				3290A3222CB90F6100FE2831 /* start copy.txt */,
				3290A3152CB8EF3C00FE2831 /* Assets.xcassets */,
				3290A3172CB8EF3C00FE2831 /* LaunchScreen.storyboard */,
				3290A31A2CB8EF3C00FE2831 /* Info.plist */,
			);
			path = "Hangman Game";
			sourceTree = "<group>";
		};
/* End PBXGroup section */

/* Begin PBXNativeTarget section */
		3290A3082CB8EF3700FE2831 /* Hangman Game */ = {
			isa = PBXNativeTarget;
			buildConfigurationList = 3290A31D2CB8EF3C00FE2831 /* Build configuration list for PBXNativeTarget "Hangman Game" */;
			buildPhases = (
				3290A3052CB8EF3700FE2831 /* Sources */,
				3290A3062CB8EF3700FE2831 /* Frameworks */,
				3290A3072CB8EF3700FE2831 /* Resources */,
			);
			buildRules = (
			);
			dependencies = (
			);
			name = "Hangman Game";
			productName = "Hangman Game";
			productReference = 3290A3092CB8EF3700FE2831 /* Hangman Game.app */;
			productType = "com.apple.product-type.application";
		};
/* End PBXNativeTarget section */

/* Begin PBXProject section */
		3290A3012CB8EF3700FE2831 /* Project object */ = {
			isa = PBXProject;
			attributes = {
				BuildIndependentTargetsInParallel = 1;
				LastSwiftUpdateCheck = 1310;
				LastUpgradeCheck = 1310;
				TargetAttributes = {
					3290A3082CB8EF3700FE2831 = {
						CreatedOnToolsVersion = 13.1;
					};
				};
			};
			buildConfigurationList = 3290A3042CB8EF3700FE2831 /* Build configuration list for PBXProject "Hangman Game" */;
			compatibilityVersion = "Xcode 13.0";
			developmentRegion = en;
			hasScannedForEncodings = 0;
			knownRegions = (
				en,
				Base,
			);
			mainGroup = 3290A3002CB8EF3700FE2831;
			productRefGroup = 3290A30A2CB8EF3700FE2831 /* Products */;
			projectDirPath = "";
			projectRoot = "";
			targets = (
				3290A3082CB8EF3700FE2831 /* Hangman Game */,
			);
		};
/* End PBXProject section */

/* Begin PBXResourcesBuildPhase section */
		3290A3072CB8EF3700FE2831 /* Resources */ = {
			isa = PBXResourcesBuildPhase;
			buildActionMask = 2147483647;
			files = (
				3290A3192CB8EF3C00FE2831 /* LaunchScreen.storyboard in Resources */,
				3290A3212CB8EFD800FE2831 /* quiz.txt in Resources */,
				3290A3162CB8EF3C00FE2831 /* Assets.xcassets in Resources */,
				3290A3142CB8EF3700FE2831 /* Main.storyboard in Resources */,
			);
			runOnlyForDeploymentPostprocessing = 0;
		};
/* End PBXResourcesBuildPhase section */

/* Begin PBXSourcesBuildPhase section */
		3290A3052CB8EF3700FE2831 /* Sources */ = {
			isa = PBXSourcesBuildPhase;
			buildActionMask = 2147483647;
			files = (
				3290A3112CB8EF3700FE2831 /* ViewController.swift in Sources */,
				3290A30D2CB8EF3700FE2831 /* AppDelegate.swift in Sources */,
				3290A30F2CB8EF3700FE2831 /* SceneDelegate.swift in Sources */,
			);
			runOnlyForDeploymentPostprocessing = 0;
		};
/* End PBXSourcesBuildPhase section */

/* Begin PBXVariantGroup section */
		3290A3122CB8EF3700FE2831 /* Main.storyboard */ = {
			isa = PBXVariantGroup;
			children = (
				3290A3132CB8EF3700FE2831 /* Base */,
			);
			name = Main.storyboard;
			sourceTree = "<group>";
		};
		3290A3172CB8EF3C00FE2831 /* LaunchScreen.storyboard */ = {
			isa = PBXVariantGroup;
			children = (
				3290A3182CB8EF3C00FE2831 /* Base */,
			);
			name = LaunchScreen.storyboard;
			sourceTree = "<group>";
		};
/* End PBXVariantGroup section */

/* Begin XCBuildConfiguration section */
		3290A31B2CB8EF3C00FE2831 /* Debug */ = {
			isa = XCBuildConfiguration;
			buildSettings = {
				ALWAYS_SEARCH_USER_PATHS = NO;
				CLANG_ANALYZER_NONNULL = YES;
				CLANG_ANALYZER_NUMBER_OBJECT_CONVERSION = YES_AGGRESSIVE;
				CLANG_CXX_LANGUAGE_STANDARD = "gnu++17";
				CLANG_CXX_LIBRARY = "libc++";
				CLANG_ENABLE_MODULES = YES;
				CLANG_ENABLE_OBJC_ARC = YES;
				CLANG_ENABLE_OBJC_WEAK = YES;
				CLANG_WARN_BLOCK_CAPTURE_AUTORELEASING = YES;
				CLANG_WARN_BOOL_CONVERSION = YES;
				CLANG_WARN_COMMA = YES;
				CLANG_WARN_CONSTANT_CONVERSION = YES;
				CLANG_WARN_DEPRECATED_OBJC_IMPLEMENTATIONS = YES;
				CLANG_WARN_DIRECT_OBJC_ISA_USAGE = YES_ERROR;
				CLANG_WARN_DOCUMENTATION_COMMENTS = YES;
				CLANG_WARN_EMPTY_BODY = YES;
				CLANG_WARN_ENUM_CONVERSION = YES;
				CLANG_WARN_INFINITE_RECURSION = YES;
				CLANG_WARN_INT_CONVERSION = YES;
				CLANG_WARN_NON_LITERAL_NULL_CONVERSION = YES;
				CLANG_WARN_OBJC_IMPLICIT_RETAIN_SELF = YES;
				CLANG_WARN_OBJC_LITERAL_CONVERSION = YES;
				CLANG_WARN_OBJC_ROOT_CLASS = YES_ERROR;
				CLANG_WARN_QUOTED_INCLUDE_IN_FRAMEWORK_HEADER = YES;
				CLANG_WARN_RANGE_LOOP_ANALYSIS = YES;
				CLANG_WARN_STRICT_PROTOTYPES = YES;
				CLANG_WARN_SUSPICIOUS_MOVE = YES;
				CLANG_WARN_UNGUARDED_AVAILABILITY = YES_AGGRESSIVE;
				CLANG_WARN_UNREACHABLE_CODE = YES;
				CLANG_WARN__DUPLICATE_METHOD_MATCH = YES;
				COPY_PHASE_STRIP = NO;
				DEBUG_INFORMATION_FORMAT = dwarf;
				ENABLE_STRICT_OBJC_MSGSEND = YES;
				ENABLE_TESTABILITY = YES;
				GCC_C_LANGUAGE_STANDARD = gnu11;
				GCC_DYNAMIC_NO_PIC = NO;
				GCC_NO_COMMON_BLOCKS = YES;
				GCC_OPTIMIZATION_LEVEL = 0;
				GCC_PREPROCESSOR_DEFINITIONS = (
					"DEBUG=1",
					"$(inherited)",
				);
				GCC_WARN_64_TO_32_BIT_CONVERSION = YES;
				GCC_WARN_ABOUT_RETURN_TYPE = YES_ERROR;
				GCC_WARN_UNDECLARED_SELECTOR = YES;
				GCC_WARN_UNINITIALIZED_AUTOS = YES_AGGRESSIVE;
				GCC_WARN_UNUSED_FUNCTION = YES;
				GCC_WARN_UNUSED_VARIABLE = YES;
				IPHONEOS_DEPLOYMENT_TARGET = 15.0;
				MTL_ENABLE_DEBUG_INFO = INCLUDE_SOURCE;
				MTL_FAST_MATH = YES;
				ONLY_ACTIVE_ARCH = YES;
				SDKROOT = iphoneos;
				SWIFT_ACTIVE_COMPILATION_CONDITIONS = DEBUG;
				SWIFT_OPTIMIZATION_LEVEL = "-Onone";
			};
			name = Debug;
		};
		3290A31C2CB8EF3C00FE2831 /* Release */ = {
			isa = XCBuildConfiguration;
			buildSettings = {
				ALWAYS_SEARCH_USER_PATHS = NO;
				CLANG_ANALYZER_NONNULL = YES;
				CLANG_ANALYZER_NUMBER_OBJECT_CONVERSION = YES_AGGRESSIVE;
				CLANG_CXX_LANGUAGE_STANDARD = "gnu++17";
				CLANG_CXX_LIBRARY = "libc++";
				CLANG_ENABLE_MODULES = YES;
				CLANG_ENABLE_OBJC_ARC = YES;
				CLANG_ENABLE_OBJC_WEAK = YES;
				CLANG_WARN_BLOCK_CAPTURE_AUTORELEASING = YES;
				CLANG_WARN_BOOL_CONVERSION = YES;
				CLANG_WARN_COMMA = YES;
				CLANG_WARN_CONSTANT_CONVERSION = YES;
				CLANG_WARN_DEPRECATED_OBJC_IMPLEMENTATIONS = YES;
				CLANG_WARN_DIRECT_OBJC_ISA_USAGE = YES_ERROR;
				CLANG_WARN_DOCUMENTATION_COMMENTS = YES;
				CLANG_WARN_EMPTY_BODY = YES;
				CLANG_WARN_ENUM_CONVERSION = YES;
				CLANG_WARN_INFINITE_RECURSION = YES;
				CLANG_WARN_INT_CONVERSION = YES;
				CLANG_WARN_NON_LITERAL_NULL_CONVERSION = YES;
				CLANG_WARN_OBJC_IMPLICIT_RETAIN_SELF = YES;
				CLANG_WARN_OBJC_LITERAL_CONVERSION = YES;
				CLANG_WARN_OBJC_ROOT_CLASS = YES_ERROR;
				CLANG_WARN_QUOTED_INCLUDE_IN_FRAMEWORK_HEADER = YES;
				CLANG_WARN_RANGE_LOOP_ANALYSIS = YES;
				CLANG_WARN_STRICT_PROTOTYPES = YES;
				CLANG_WARN_SUSPICIOUS_MOVE = YES;
				CLANG_WARN_UNGUARDED_AVAILABILITY = YES_AGGRESSIVE;
				CLANG_WARN_UNREACHABLE_CODE = YES;
				CLANG_WARN__DUPLICATE_METHOD_MATCH = YES;
				COPY_PHASE_STRIP = NO;
				DEBUG_INFORMATION_FORMAT = "dwarf-with-dsym";
				ENABLE_NS_ASSERTIONS = NO;
				ENABLE_STRICT_OBJC_MSGSEND = YES;
				GCC_C_LANGUAGE_STANDARD = gnu11;
				GCC_NO_COMMON_BLOCKS = YES;
				GCC_WARN_64_TO_32_BIT_CONVERSION = YES;
				GCC_WARN_ABOUT_RETURN_TYPE = YES_ERROR;
				GCC_WARN_UNDECLARED_SELECTOR = YES;
				GCC_WARN_UNINITIALIZED_AUTOS = YES_AGGRESSIVE;
				GCC_WARN_UNUSED_FUNCTION = YES;
				GCC_WARN_UNUSED_VARIABLE = YES;
				IPHONEOS_DEPLOYMENT_TARGET = 15.0;
				MTL_ENABLE_DEBUG_INFO = NO;
				MTL_FAST_MATH = YES;
				SDKROOT = iphoneos;
				SWIFT_COMPILATION_MODE = wholemodule;
				SWIFT_OPTIMIZATION_LEVEL = "-O";
				VALIDATE_PRODUCT = YES;
			};
			name = Release;
		};
		3290A31E2CB8EF3C00FE2831 /* Debug */ = {
			isa = XCBuildConfiguration;
			buildSettings = {
				ASSETCATALOG_COMPILER_APPICON_NAME = AppIcon;
				ASSETCATALOG_COMPILER_GLOBAL_ACCENT_COLOR_NAME = AccentColor;
				CODE_SIGN_STYLE = Automatic;
				CURRENT_PROJECT_VERSION = 1;
				GENERATE_INFOPLIST_FILE = YES;
				INFOPLIST_FILE = "Hangman Game/Info.plist";
				INFOPLIST_KEY_UIApplicationSupportsIndirectInputEvents = YES;
				INFOPLIST_KEY_UILaunchStoryboardName = LaunchScreen;
				INFOPLIST_KEY_UIMainStoryboardFile = Main;
				INFOPLIST_KEY_UISupportedInterfaceOrientations_iPad = "UIInterfaceOrientationPortrait UIInterfaceOrientationPortraitUpsideDown UIInterfaceOrientationLandscapeLeft UIInterfaceOrientationLandscapeRight";
				INFOPLIST_KEY_UISupportedInterfaceOrientations_iPhone = "UIInterfaceOrientationPortrait UIInterfaceOrientationLandscapeLeft UIInterfaceOrientationLandscapeRight";
				LD_RUNPATH_SEARCH_PATHS = (
					"$(inherited)",
					"@executable_path/Frameworks",
				);
				MARKETING_VERSION = 1.0;
				PRODUCT_BUNDLE_IDENTIFIER = "com.studyfans.bruce.Hangman-Game";
				PRODUCT_NAME = "$(TARGET_NAME)";
				SWIFT_EMIT_LOC_STRINGS = YES;
				SWIFT_VERSION = 5.0;
				TARGETED_DEVICE_FAMILY = "1,2";
			};
			name = Debug;
		};
		3290A31F2CB8EF3C00FE2831 /* Release */ = {
			isa = XCBuildConfiguration;
			buildSettings = {
				ASSETCATALOG_COMPILER_APPICON_NAME = AppIcon;
				ASSETCATALOG_COMPILER_GLOBAL_ACCENT_COLOR_NAME = AccentColor;
				CODE_SIGN_STYLE = Automatic;
				CURRENT_PROJECT_VERSION = 1;
				GENERATE_INFOPLIST_FILE = YES;
				INFOPLIST_FILE = "Hangman Game/Info.plist";
				INFOPLIST_KEY_UIApplicationSupportsIndirectInputEvents = YES;
				INFOPLIST_KEY_UILaunchStoryboardName = LaunchScreen;
				INFOPLIST_KEY_UIMainStoryboardFile = Main;
				INFOPLIST_KEY_UISupportedInterfaceOrientations_iPad = "UIInterfaceOrientationPortrait UIInterfaceOrientationPortraitUpsideDown UIInterfaceOrientationLandscapeLeft UIInterfaceOrientationLandscapeRight";
				INFOPLIST_KEY_UISupportedInterfaceOrientations_iPhone = "UIInterfaceOrientationPortrait UIInterfaceOrientationLandscapeLeft UIInterfaceOrientationLandscapeRight";
				LD_RUNPATH_SEARCH_PATHS = (
					"$(inherited)",
					"@executable_path/Frameworks",
				);
				MARKETING_VERSION = 1.0;
				PRODUCT_BUNDLE_IDENTIFIER = "com.studyfans.bruce.Hangman-Game";
				PRODUCT_NAME = "$(TARGET_NAME)";
				SWIFT_EMIT_LOC_STRINGS = YES;
				SWIFT_VERSION = 5.0;
				TARGETED_DEVICE_FAMILY = "1,2";
			};
			name = Release;
		};
/* End XCBuildConfiguration section */

/* Begin XCConfigurationList section */
		3290A3042CB8EF3700FE2831 /* Build configuration list for PBXProject "Hangman Game" */ = {
			isa = XCConfigurationList;
			buildConfigurations = (
				3290A31B2CB8EF3C00FE2831 /* Debug */,
				3290A31C2CB8EF3C00FE2831 /* Release */,
			);
			defaultConfigurationIsVisible = 0;
			defaultConfigurationName = Release;
		};
		3290A31D2CB8EF3C00FE2831 /* Build configuration list for PBXNativeTarget "Hangman Game" */ = {
			isa = XCConfigurationList;
			buildConfigurations = (
				3290A31E2CB8EF3C00FE2831 /* Debug */,
				3290A31F2CB8EF3C00FE2831 /* Release */,
			);
			defaultConfigurationIsVisible = 0;
			defaultConfigurationName = Release;
		};
/* End XCConfigurationList section */
	};
	rootObject = 3290A3012CB8EF3700FE2831 /* Project object */;
}
